// !$*UTF8*$!
{
	archiveVersion = 1;
	classes = {
	};
	objectVersion = 55;
	objects = {

/* Begin PBXBuildFile section */
		040924962852584F001A7151 /* ItemDetailView.swift in Sources */ = {isa = PBXBuildFile; fileRef = 040924952852584F001A7151 /* ItemDetailView.swift */; };
		0409EF49285010E900C05699 /* AddItemView.swift in Sources */ = {isa = PBXBuildFile; fileRef = 0409EF48285010E900C05699 /* AddItemView.swift */; };
		041C3418282C69B700303288 /* GoogleService-Info.plist in Resources */ = {isa = PBXBuildFile; fileRef = 041C3417282C69B700303288 /* GoogleService-Info.plist */; };
		0424D4E328337F8400F63D81 /* HomeWeekRowView.swift in Sources */ = {isa = PBXBuildFile; fileRef = 0424D4E228337F8400F63D81 /* HomeWeekRowView.swift */; };
		0547D583877EC9EFBE3AD0EA /* Pods_tdlFB.framework in Frameworks */ = {isa = PBXBuildFile; fileRef = 5091C459A23C12A7885FD48B /* Pods_tdlFB.framework */; };
		7C988D1F282CD8BF005779F2 /* ViewModel.swift in Sources */ = {isa = PBXBuildFile; fileRef = 7C988D1E282CD8BF005779F2 /* ViewModel.swift */; };
		7C988D21282CD973005779F2 /* MainViewModel.swift in Sources */ = {isa = PBXBuildFile; fileRef = 7C988D20282CD973005779F2 /* MainViewModel.swift */; };
		7C988D24282CDAE4005779F2 /* UserPageView.swift in Sources */ = {isa = PBXBuildFile; fileRef = 7C988D23282CDAE4005779F2 /* UserPageView.swift */; };
		7CD85E10282B86C500442BFE /* tdlFBApp.swift in Sources */ = {isa = PBXBuildFile; fileRef = 7CD85E0F282B86C500442BFE /* tdlFBApp.swift */; };
		7CD85E14282B86C900442BFE /* Assets.xcassets in Resources */ = {isa = PBXBuildFile; fileRef = 7CD85E13282B86C900442BFE /* Assets.xcassets */; };
		7CD85E17282B86C900442BFE /* Preview Assets.xcassets in Resources */ = {isa = PBXBuildFile; fileRef = 7CD85E16282B86C900442BFE /* Preview Assets.xcassets */; };
		7CD85E24282B9E7200442BFE /* assets.swift in Sources */ = {isa = PBXBuildFile; fileRef = 7CD85E23282B9E7200442BFE /* assets.swift */; };
		7CD85E2D282BA96100442BFE /* RegistratioinView.swift in Sources */ = {isa = PBXBuildFile; fileRef = 7CD85E2A282BA96100442BFE /* RegistratioinView.swift */; };
		7CD85E2E282BA96100442BFE /* SignInView.swift in Sources */ = {isa = PBXBuildFile; fileRef = 7CD85E2B282BA96100442BFE /* SignInView.swift */; };
		7CD85E2F282BA96100442BFE /* SignUpView.swift in Sources */ = {isa = PBXBuildFile; fileRef = 7CD85E2C282BA96100442BFE /* SignUpView.swift */; };
		7CD85E31282BA96900442BFE /* AuthViewModel.swift in Sources */ = {isa = PBXBuildFile; fileRef = 7CD85E30282BA96800442BFE /* AuthViewModel.swift */; };
		7CD85E34282BA97200442BFE /* HomeView.swift in Sources */ = {isa = PBXBuildFile; fileRef = 7CD85E32282BA97200442BFE /* HomeView.swift */; };
		7CD85E38282BADC200442BFE /* FirebaseAuth in Frameworks */ = {isa = PBXBuildFile; productRef = 7CD85E37282BADC200442BFE /* FirebaseAuth */; };
		7CD85E3A282BADC200442BFE /* FirebaseDatabase in Frameworks */ = {isa = PBXBuildFile; productRef = 7CD85E39282BADC200442BFE /* FirebaseDatabase */; };
		7CD85E3C282BAEBF00442BFE /* Modifires.swift in Sources */ = {isa = PBXBuildFile; fileRef = 7CD85E3B282BAEBF00442BFE /* Modifires.swift */; };
		7CD85E49282BC00C00442BFE /* ToDoItemModel.swift in Sources */ = {isa = PBXBuildFile; fileRef = 7CD85E48282BC00C00442BFE /* ToDoItemModel.swift */; };
		7CD85E4C282BC2A300442BFE /* SettingsView.swift in Sources */ = {isa = PBXBuildFile; fileRef = 7CD85E4B282BC2A300442BFE /* SettingsView.swift */; };
/* End PBXBuildFile section */

/* Begin PBXFileReference section */
		040924952852584F001A7151 /* ItemDetailView.swift */ = {isa = PBXFileReference; lastKnownFileType = sourcecode.swift; path = ItemDetailView.swift; sourceTree = "<group>"; };
		0409EF48285010E900C05699 /* AddItemView.swift */ = {isa = PBXFileReference; lastKnownFileType = sourcecode.swift; path = AddItemView.swift; sourceTree = "<group>"; };
		041C3417282C69B700303288 /* GoogleService-Info.plist */ = {isa = PBXFileReference; fileEncoding = 4; lastKnownFileType = text.plist.xml; path = "GoogleService-Info.plist"; sourceTree = "<group>"; };
		0424D4E228337F8400F63D81 /* HomeWeekRowView.swift */ = {isa = PBXFileReference; lastKnownFileType = sourcecode.swift; path = HomeWeekRowView.swift; sourceTree = "<group>"; };
		0FE25D568A4625394DE2146E /* Pods-tdlFB.debug.xcconfig */ = {isa = PBXFileReference; includeInIndex = 1; lastKnownFileType = text.xcconfig; name = "Pods-tdlFB.debug.xcconfig"; path = "Target Support Files/Pods-tdlFB/Pods-tdlFB.debug.xcconfig"; sourceTree = "<group>"; };
		2941A6FD36A406A6DE3F57E8 /* Pods-tdlFB.release.xcconfig */ = {isa = PBXFileReference; includeInIndex = 1; lastKnownFileType = text.xcconfig; name = "Pods-tdlFB.release.xcconfig"; path = "Target Support Files/Pods-tdlFB/Pods-tdlFB.release.xcconfig"; sourceTree = "<group>"; };
		5091C459A23C12A7885FD48B /* Pods_tdlFB.framework */ = {isa = PBXFileReference; explicitFileType = wrapper.framework; includeInIndex = 0; path = Pods_tdlFB.framework; sourceTree = BUILT_PRODUCTS_DIR; };
		7C988D1E282CD8BF005779F2 /* ViewModel.swift */ = {isa = PBXFileReference; lastKnownFileType = sourcecode.swift; path = ViewModel.swift; sourceTree = "<group>"; };
		7C988D20282CD973005779F2 /* MainViewModel.swift */ = {isa = PBXFileReference; lastKnownFileType = sourcecode.swift; path = MainViewModel.swift; sourceTree = "<group>"; };
		7C988D23282CDAE4005779F2 /* UserPageView.swift */ = {isa = PBXFileReference; lastKnownFileType = sourcecode.swift; path = UserPageView.swift; sourceTree = "<group>"; };
		7CD85E0C282B86C500442BFE /* tdlFB.app */ = {isa = PBXFileReference; explicitFileType = wrapper.application; includeInIndex = 0; path = tdlFB.app; sourceTree = BUILT_PRODUCTS_DIR; };
		7CD85E0F282B86C500442BFE /* tdlFBApp.swift */ = {isa = PBXFileReference; lastKnownFileType = sourcecode.swift; path = tdlFBApp.swift; sourceTree = "<group>"; };
		7CD85E13282B86C900442BFE /* Assets.xcassets */ = {isa = PBXFileReference; lastKnownFileType = folder.assetcatalog; path = Assets.xcassets; sourceTree = "<group>"; };
		7CD85E16282B86C900442BFE /* Preview Assets.xcassets */ = {isa = PBXFileReference; lastKnownFileType = folder.assetcatalog; path = "Preview Assets.xcassets"; sourceTree = "<group>"; };
		7CD85E1D282B877200442BFE /* .gitignore */ = {isa = PBXFileReference; lastKnownFileType = text; path = .gitignore; sourceTree = "<group>"; };
		7CD85E1E282B939A00442BFE /* Podfile */ = {isa = PBXFileReference; lastKnownFileType = text; path = Podfile; sourceTree = "<group>"; xcLanguageSpecificationIdentifier = xcode.lang.ruby; };
		7CD85E1F282B93AC00442BFE /* swiftgen.yml */ = {isa = PBXFileReference; lastKnownFileType = text.yaml; path = swiftgen.yml; sourceTree = "<group>"; };
		7CD85E23282B9E7200442BFE /* assets.swift */ = {isa = PBXFileReference; lastKnownFileType = sourcecode.swift; path = assets.swift; sourceTree = "<group>"; };
		7CD85E2A282BA96100442BFE /* RegistratioinView.swift */ = {isa = PBXFileReference; fileEncoding = 4; lastKnownFileType = sourcecode.swift; path = RegistratioinView.swift; sourceTree = "<group>"; };
		7CD85E2B282BA96100442BFE /* SignInView.swift */ = {isa = PBXFileReference; fileEncoding = 4; lastKnownFileType = sourcecode.swift; path = SignInView.swift; sourceTree = "<group>"; };
		7CD85E2C282BA96100442BFE /* SignUpView.swift */ = {isa = PBXFileReference; fileEncoding = 4; lastKnownFileType = sourcecode.swift; path = SignUpView.swift; sourceTree = "<group>"; };
		7CD85E30282BA96800442BFE /* AuthViewModel.swift */ = {isa = PBXFileReference; fileEncoding = 4; lastKnownFileType = sourcecode.swift; path = AuthViewModel.swift; sourceTree = "<group>"; };
		7CD85E32282BA97200442BFE /* HomeView.swift */ = {isa = PBXFileReference; fileEncoding = 4; lastKnownFileType = sourcecode.swift; path = HomeView.swift; sourceTree = "<group>"; };
		7CD85E3B282BAEBF00442BFE /* Modifires.swift */ = {isa = PBXFileReference; fileEncoding = 4; lastKnownFileType = sourcecode.swift; path = Modifires.swift; sourceTree = "<group>"; };
		7CD85E48282BC00C00442BFE /* ToDoItemModel.swift */ = {isa = PBXFileReference; lastKnownFileType = sourcecode.swift; path = ToDoItemModel.swift; sourceTree = "<group>"; };
		7CD85E4B282BC2A300442BFE /* SettingsView.swift */ = {isa = PBXFileReference; lastKnownFileType = sourcecode.swift; path = SettingsView.swift; sourceTree = "<group>"; };
/* End PBXFileReference section */

/* Begin PBXFrameworksBuildPhase section */
		7CD85E09282B86C500442BFE /* Frameworks */ = {
			isa = PBXFrameworksBuildPhase;
			buildActionMask = 2147483647;
			files = (
				7CD85E3A282BADC200442BFE /* FirebaseDatabase in Frameworks */,
				0547D583877EC9EFBE3AD0EA /* Pods_tdlFB.framework in Frameworks */,
				7CD85E38282BADC200442BFE /* FirebaseAuth in Frameworks */,
			);
			runOnlyForDeploymentPostprocessing = 0;
		};
/* End PBXFrameworksBuildPhase section */

/* Begin PBXGroup section */
		040924942852582F001A7151 /* ItemDetail */ = {
			isa = PBXGroup;
			children = (
				040924952852584F001A7151 /* ItemDetailView.swift */,
			);
			path = ItemDetail;
			sourceTree = "<group>";
		};
		0409EF47285010BE00C05699 /* AddItem */ = {
			isa = PBXGroup;
			children = (
				0409EF48285010E900C05699 /* AddItemView.swift */,
			);
			path = AddItem;
			sourceTree = "<group>";
		};
		4A8212C4769419BAF01C8022 /* Frameworks */ = {
			isa = PBXGroup;
			children = (
				5091C459A23C12A7885FD48B /* Pods_tdlFB.framework */,
			);
			name = Frameworks;
			sourceTree = "<group>";
		};
		7C988D22282CDACC005779F2 /* UserPage */ = {
			isa = PBXGroup;
			children = (
				7C988D23282CDAE4005779F2 /* UserPageView.swift */,
			);
			path = UserPage;
			sourceTree = "<group>";
		};
		7CD85E03282B86C500442BFE = {
			isa = PBXGroup;
			children = (
				7CD85E1D282B877200442BFE /* .gitignore */,
				7CD85E1E282B939A00442BFE /* Podfile */,
				7CD85E1F282B93AC00442BFE /* swiftgen.yml */,
				7CD85E0E282B86C500442BFE /* tdlFB */,
				7CD85E0D282B86C500442BFE /* Products */,
				87E866D4425A6ED60EAD93BB /* Pods */,
				4A8212C4769419BAF01C8022 /* Frameworks */,
			);
			sourceTree = "<group>";
		};
		7CD85E0D282B86C500442BFE /* Products */ = {
			isa = PBXGroup;
			children = (
				7CD85E0C282B86C500442BFE /* tdlFB.app */,
			);
			name = Products;
			sourceTree = "<group>";
		};
		7CD85E0E282B86C500442BFE /* tdlFB */ = {
			isa = PBXGroup;
			children = (
				7CD85E0F282B86C500442BFE /* tdlFBApp.swift */,
				7C988D20282CD973005779F2 /* MainViewModel.swift */,
				7CD85E3D282BAF7D00442BFE /* Views */,
				7CD85E20282B94B600442BFE /* Resource */,
				7CD85E13282B86C900442BFE /* Assets.xcassets */,
				041C3417282C69B700303288 /* GoogleService-Info.plist */,
				7CD85E15282B86C900442BFE /* Preview Content */,
			);
			path = tdlFB;
			sourceTree = "<group>";
		};
		7CD85E15282B86C900442BFE /* Preview Content */ = {
			isa = PBXGroup;
			children = (
				7CD85E16282B86C900442BFE /* Preview Assets.xcassets */,
			);
			path = "Preview Content";
			sourceTree = "<group>";
		};
		7CD85E20282B94B600442BFE /* Resource */ = {
			isa = PBXGroup;
			children = (
				7CD85E3B282BAEBF00442BFE /* Modifires.swift */,
				7CD85E23282B9E7200442BFE /* assets.swift */,
			);
			path = Resource;
			sourceTree = "<group>";
		};
		7CD85E3D282BAF7D00442BFE /* Views */ = {
			isa = PBXGroup;
			children = (
				7C988D22282CDACC005779F2 /* UserPage */,
				7CD85E4A282BC28400442BFE /* Settings */,
				7CD85E3E282BAF8900442BFE /* FirebaseAuth */,
				7CD85E3F282BAF9A00442BFE /* Home */,
				040924942852582F001A7151 /* ItemDetail */,
				0409EF47285010BE00C05699 /* AddItem */,
			);
			path = Views;
			sourceTree = "<group>";
		};
		7CD85E3E282BAF8900442BFE /* FirebaseAuth */ = {
			isa = PBXGroup;
			children = (
				7CD85E41282BAFAF00442BFE /* ViewModel */,
				7CD85E40282BAFA700442BFE /* View */,
			);
			path = FirebaseAuth;
			sourceTree = "<group>";
		};
		7CD85E3F282BAF9A00442BFE /* Home */ = {
			isa = PBXGroup;
			children = (
				7CD85E32282BA97200442BFE /* HomeView.swift */,
				0424D4E228337F8400F63D81 /* HomeWeekRowView.swift */,
				7CD85E48282BC00C00442BFE /* ToDoItemModel.swift */,
				7C988D1E282CD8BF005779F2 /* ViewModel.swift */,
			);
			path = Home;
			sourceTree = "<group>";
		};
		7CD85E40282BAFA700442BFE /* View */ = {
			isa = PBXGroup;
			children = (
				7CD85E2A282BA96100442BFE /* RegistratioinView.swift */,
				7CD85E2C282BA96100442BFE /* SignUpView.swift */,
				7CD85E2B282BA96100442BFE /* SignInView.swift */,
			);
			path = View;
			sourceTree = "<group>";
		};
		7CD85E41282BAFAF00442BFE /* ViewModel */ = {
			isa = PBXGroup;
			children = (
				7CD85E30282BA96800442BFE /* AuthViewModel.swift */,
			);
			path = ViewModel;
			sourceTree = "<group>";
		};
		7CD85E4A282BC28400442BFE /* Settings */ = {
			isa = PBXGroup;
			children = (
				7CD85E4B282BC2A300442BFE /* SettingsView.swift */,
			);
			path = Settings;
			sourceTree = "<group>";
		};
		87E866D4425A6ED60EAD93BB /* Pods */ = {
			isa = PBXGroup;
			children = (
				0FE25D568A4625394DE2146E /* Pods-tdlFB.debug.xcconfig */,
				2941A6FD36A406A6DE3F57E8 /* Pods-tdlFB.release.xcconfig */,
			);
			path = Pods;
			sourceTree = "<group>";
		};
/* End PBXGroup section */

/* Begin PBXNativeTarget section */
		7CD85E0B282B86C500442BFE /* tdlFB */ = {
			isa = PBXNativeTarget;
			buildConfigurationList = 7CD85E1A282B86C900442BFE /* Build configuration list for PBXNativeTarget "tdlFB" */;
			buildPhases = (
				235C5A8E56CFBD11ED55DCF8 /* [CP] Check Pods Manifest.lock */,
				7CD85E08282B86C500442BFE /* Sources */,
				7CD85E09282B86C500442BFE /* Frameworks */,
				7CD85E0A282B86C500442BFE /* Resources */,
				7CD85E28282BA1C000442BFE /* SwiftGen */,
			);
			buildRules = (
			);
			dependencies = (
			);
			name = tdlFB;
			packageProductDependencies = (
				7CD85E37282BADC200442BFE /* FirebaseAuth */,
				7CD85E39282BADC200442BFE /* FirebaseDatabase */,
			);
			productName = tdlFB;
			productReference = 7CD85E0C282B86C500442BFE /* tdlFB.app */;
			productType = "com.apple.product-type.application";
		};
/* End PBXNativeTarget section */

/* Begin PBXProject section */
		7CD85E04282B86C500442BFE /* Project object */ = {
			isa = PBXProject;
			attributes = {
				BuildIndependentTargetsInParallel = 1;
				LastSwiftUpdateCheck = 1330;
				LastUpgradeCheck = 1330;
				TargetAttributes = {
					7CD85E0B282B86C500442BFE = {
						CreatedOnToolsVersion = 13.3;
					};
				};
			};
			buildConfigurationList = 7CD85E07282B86C500442BFE /* Build configuration list for PBXProject "tdlFB" */;
			compatibilityVersion = "Xcode 13.0";
			developmentRegion = en;
			hasScannedForEncodings = 0;
			knownRegions = (
				en,
				Base,
			);
			mainGroup = 7CD85E03282B86C500442BFE;
			packageReferences = (
				7CD85E36282BADC200442BFE /* XCRemoteSwiftPackageReference "firebase-ios-sdk" */,
			);
			productRefGroup = 7CD85E0D282B86C500442BFE /* Products */;
			projectDirPath = "";
			projectRoot = "";
			targets = (
				7CD85E0B282B86C500442BFE /* tdlFB */,
			);
		};
/* End PBXProject section */

/* Begin PBXResourcesBuildPhase section */
		7CD85E0A282B86C500442BFE /* Resources */ = {
			isa = PBXResourcesBuildPhase;
			buildActionMask = 2147483647;
			files = (
				7CD85E17282B86C900442BFE /* Preview Assets.xcassets in Resources */,
				041C3418282C69B700303288 /* GoogleService-Info.plist in Resources */,
				7CD85E14282B86C900442BFE /* Assets.xcassets in Resources */,
			);
			runOnlyForDeploymentPostprocessing = 0;
		};
/* End PBXResourcesBuildPhase section */

/* Begin PBXShellScriptBuildPhase section */
		235C5A8E56CFBD11ED55DCF8 /* [CP] Check Pods Manifest.lock */ = {
			isa = PBXShellScriptBuildPhase;
			buildActionMask = 2147483647;
			files = (
			);
			inputFileListPaths = (
			);
			inputPaths = (
				"${PODS_PODFILE_DIR_PATH}/Podfile.lock",
				"${PODS_ROOT}/Manifest.lock",
			);
			name = "[CP] Check Pods Manifest.lock";
			outputFileListPaths = (
			);
			outputPaths = (
				"$(DERIVED_FILE_DIR)/Pods-tdlFB-checkManifestLockResult.txt",
			);
			runOnlyForDeploymentPostprocessing = 0;
			shellPath = /bin/sh;
			shellScript = "diff \"${PODS_PODFILE_DIR_PATH}/Podfile.lock\" \"${PODS_ROOT}/Manifest.lock\" > /dev/null\nif [ $? != 0 ] ; then\n    # print error to STDERR\n    echo \"error: The sandbox is not in sync with the Podfile.lock. Run 'pod install' or update your CocoaPods installation.\" >&2\n    exit 1\nfi\n# This output is used by Xcode 'outputs' to avoid re-running this script phase.\necho \"SUCCESS\" > \"${SCRIPT_OUTPUT_FILE_0}\"\n";
			showEnvVarsInLog = 0;
		};
		7CD85E28282BA1C000442BFE /* SwiftGen */ = {
			isa = PBXShellScriptBuildPhase;
			buildActionMask = 2147483647;
			files = (
			);
			inputFileListPaths = (
			);
			inputPaths = (
			);
			name = SwiftGen;
			outputFileListPaths = (
			);
			outputPaths = (
			);
			runOnlyForDeploymentPostprocessing = 0;
			shellPath = /bin/sh;
			shellScript = "${PODS_ROOT}/SwiftGen/bin/swiftgen\n";
		};
/* End PBXShellScriptBuildPhase section */

/* Begin PBXSourcesBuildPhase section */
		7CD85E08282B86C500442BFE /* Sources */ = {
			isa = PBXSourcesBuildPhase;
			buildActionMask = 2147483647;
			files = (
				7CD85E49282BC00C00442BFE /* ToDoItemModel.swift in Sources */,
				7CD85E24282B9E7200442BFE /* assets.swift in Sources */,
				7CD85E3C282BAEBF00442BFE /* Modifires.swift in Sources */,
				7C988D1F282CD8BF005779F2 /* ViewModel.swift in Sources */,
				0409EF49285010E900C05699 /* AddItemView.swift in Sources */,
				7CD85E2D282BA96100442BFE /* RegistratioinView.swift in Sources */,
				7CD85E31282BA96900442BFE /* AuthViewModel.swift in Sources */,
				7CD85E4C282BC2A300442BFE /* SettingsView.swift in Sources */,
				7CD85E10282B86C500442BFE /* tdlFBApp.swift in Sources */,
				7CD85E34282BA97200442BFE /* HomeView.swift in Sources */,
				7CD85E2F282BA96100442BFE /* SignUpView.swift in Sources */,
				0424D4E328337F8400F63D81 /* HomeWeekRowView.swift in Sources */,
				040924962852584F001A7151 /* ItemDetailView.swift in Sources */,
				7C988D24282CDAE4005779F2 /* UserPageView.swift in Sources */,
				7CD85E2E282BA96100442BFE /* SignInView.swift in Sources */,
				7C988D21282CD973005779F2 /* MainViewModel.swift in Sources */,
			);
			runOnlyForDeploymentPostprocessing = 0;
		};
/* End PBXSourcesBuildPhase section */

/* Begin XCBuildConfiguration section */
		7CD85E18282B86C900442BFE /* Debug */ = {
			isa = XCBuildConfiguration;
			buildSettings = {
				ALWAYS_SEARCH_USER_PATHS = NO;
				CLANG_ANALYZER_NONNULL = YES;
				CLANG_ANALYZER_NUMBER_OBJECT_CONVERSION = YES_AGGRESSIVE;
				CLANG_CXX_LANGUAGE_STANDARD = "gnu++17";
				CLANG_ENABLE_MODULES = YES;
				CLANG_ENABLE_OBJC_ARC = YES;
				CLANG_ENABLE_OBJC_WEAK = YES;
				CLANG_WARN_BLOCK_CAPTURE_AUTORELEASING = YES;
				CLANG_WARN_BOOL_CONVERSION = YES;
				CLANG_WARN_COMMA = YES;
				CLANG_WARN_CONSTANT_CONVERSION = YES;
				CLANG_WARN_DEPRECATED_OBJC_IMPLEMENTATIONS = YES;
				CLANG_WARN_DIRECT_OBJC_ISA_USAGE = YES_ERROR;
				CLANG_WARN_DOCUMENTATION_COMMENTS = YES;
				CLANG_WARN_EMPTY_BODY = YES;
				CLANG_WARN_ENUM_CONVERSION = YES;
				CLANG_WARN_INFINITE_RECURSION = YES;
				CLANG_WARN_INT_CONVERSION = YES;
				CLANG_WARN_NON_LITERAL_NULL_CONVERSION = YES;
				CLANG_WARN_OBJC_IMPLICIT_RETAIN_SELF = YES;
				CLANG_WARN_OBJC_LITERAL_CONVERSION = YES;
				CLANG_WARN_OBJC_ROOT_CLASS = YES_ERROR;
				CLANG_WARN_QUOTED_INCLUDE_IN_FRAMEWORK_HEADER = YES;
				CLANG_WARN_RANGE_LOOP_ANALYSIS = YES;
				CLANG_WARN_STRICT_PROTOTYPES = YES;
				CLANG_WARN_SUSPICIOUS_MOVE = YES;
				CLANG_WARN_UNGUARDED_AVAILABILITY = YES_AGGRESSIVE;
				CLANG_WARN_UNREACHABLE_CODE = YES;
				CLANG_WARN__DUPLICATE_METHOD_MATCH = YES;
				COPY_PHASE_STRIP = NO;
				DEBUG_INFORMATION_FORMAT = dwarf;
				ENABLE_STRICT_OBJC_MSGSEND = YES;
				ENABLE_TESTABILITY = YES;
				GCC_C_LANGUAGE_STANDARD = gnu11;
				GCC_DYNAMIC_NO_PIC = NO;
				GCC_NO_COMMON_BLOCKS = YES;
				GCC_OPTIMIZATION_LEVEL = 0;
				GCC_PREPROCESSOR_DEFINITIONS = (
					"DEBUG=1",
					"$(inherited)",
				);
				GCC_WARN_64_TO_32_BIT_CONVERSION = YES;
				GCC_WARN_ABOUT_RETURN_TYPE = YES_ERROR;
				GCC_WARN_UNDECLARED_SELECTOR = YES;
				GCC_WARN_UNINITIALIZED_AUTOS = YES_AGGRESSIVE;
				GCC_WARN_UNUSED_FUNCTION = YES;
				GCC_WARN_UNUSED_VARIABLE = YES;
				IPHONEOS_DEPLOYMENT_TARGET = 15.4;
				MTL_ENABLE_DEBUG_INFO = INCLUDE_SOURCE;
				MTL_FAST_MATH = YES;
				ONLY_ACTIVE_ARCH = YES;
				SDKROOT = iphoneos;
				SWIFT_ACTIVE_COMPILATION_CONDITIONS = DEBUG;
				SWIFT_OPTIMIZATION_LEVEL = "-Onone";
			};
			name = Debug;
		};
		7CD85E19282B86C900442BFE /* Release */ = {
			isa = XCBuildConfiguration;
			buildSettings = {
				ALWAYS_SEARCH_USER_PATHS = NO;
				CLANG_ANALYZER_NONNULL = YES;
				CLANG_ANALYZER_NUMBER_OBJECT_CONVERSION = YES_AGGRESSIVE;
				CLANG_CXX_LANGUAGE_STANDARD = "gnu++17";
				CLANG_ENABLE_MODULES = YES;
				CLANG_ENABLE_OBJC_ARC = YES;
				CLANG_ENABLE_OBJC_WEAK = YES;
				CLANG_WARN_BLOCK_CAPTURE_AUTORELEASING = YES;
				CLANG_WARN_BOOL_CONVERSION = YES;
				CLANG_WARN_COMMA = YES;
				CLANG_WARN_CONSTANT_CONVERSION = YES;
				CLANG_WARN_DEPRECATED_OBJC_IMPLEMENTATIONS = YES;
				CLANG_WARN_DIRECT_OBJC_ISA_USAGE = YES_ERROR;
				CLANG_WARN_DOCUMENTATION_COMMENTS = YES;
				CLANG_WARN_EMPTY_BODY = YES;
				CLANG_WARN_ENUM_CONVERSION = YES;
				CLANG_WARN_INFINITE_RECURSION = YES;
				CLANG_WARN_INT_CONVERSION = YES;
				CLANG_WARN_NON_LITERAL_NULL_CONVERSION = YES;
				CLANG_WARN_OBJC_IMPLICIT_RETAIN_SELF = YES;
				CLANG_WARN_OBJC_LITERAL_CONVERSION = YES;
				CLANG_WARN_OBJC_ROOT_CLASS = YES_ERROR;
				CLANG_WARN_QUOTED_INCLUDE_IN_FRAMEWORK_HEADER = YES;
				CLANG_WARN_RANGE_LOOP_ANALYSIS = YES;
				CLANG_WARN_STRICT_PROTOTYPES = YES;
				CLANG_WARN_SUSPICIOUS_MOVE = YES;
				CLANG_WARN_UNGUARDED_AVAILABILITY = YES_AGGRESSIVE;
				CLANG_WARN_UNREACHABLE_CODE = YES;
				CLANG_WARN__DUPLICATE_METHOD_MATCH = YES;
				COPY_PHASE_STRIP = NO;
				DEBUG_INFORMATION_FORMAT = "dwarf-with-dsym";
				ENABLE_NS_ASSERTIONS = NO;
				ENABLE_STRICT_OBJC_MSGSEND = YES;
				GCC_C_LANGUAGE_STANDARD = gnu11;
				GCC_NO_COMMON_BLOCKS = YES;
				GCC_WARN_64_TO_32_BIT_CONVERSION = YES;
				GCC_WARN_ABOUT_RETURN_TYPE = YES_ERROR;
				GCC_WARN_UNDECLARED_SELECTOR = YES;
				GCC_WARN_UNINITIALIZED_AUTOS = YES_AGGRESSIVE;
				GCC_WARN_UNUSED_FUNCTION = YES;
				GCC_WARN_UNUSED_VARIABLE = YES;
				IPHONEOS_DEPLOYMENT_TARGET = 15.4;
				MTL_ENABLE_DEBUG_INFO = NO;
				MTL_FAST_MATH = YES;
				SDKROOT = iphoneos;
				SWIFT_COMPILATION_MODE = wholemodule;
				SWIFT_OPTIMIZATION_LEVEL = "-O";
				VALIDATE_PRODUCT = YES;
			};
			name = Release;
		};
		7CD85E1B282B86C900442BFE /* Debug */ = {
			isa = XCBuildConfiguration;
			baseConfigurationReference = 0FE25D568A4625394DE2146E /* Pods-tdlFB.debug.xcconfig */;
			buildSettings = {
				ASSETCATALOG_COMPILER_APPICON_NAME = AppIcon;
				ASSETCATALOG_COMPILER_GLOBAL_ACCENT_COLOR_NAME = AccentColor;
				CODE_SIGN_STYLE = Automatic;
				CURRENT_PROJECT_VERSION = 1;
				DEVELOPMENT_ASSET_PATHS = "\"tdlFB/Preview Content\"";
				DEVELOPMENT_TEAM = 8T4FM95P3Q;
				ENABLE_PREVIEWS = YES;
				GENERATE_INFOPLIST_FILE = YES;
				INFOPLIST_KEY_UIApplicationSceneManifest_Generation = YES;
				INFOPLIST_KEY_UIApplicationSupportsIndirectInputEvents = YES;
				INFOPLIST_KEY_UILaunchScreen_Generation = YES;
				INFOPLIST_KEY_UISupportedInterfaceOrientations_iPad = "UIInterfaceOrientationPortrait UIInterfaceOrientationPortraitUpsideDown UIInterfaceOrientationLandscapeLeft UIInterfaceOrientationLandscapeRight";
				INFOPLIST_KEY_UISupportedInterfaceOrientations_iPhone = "UIInterfaceOrientationPortrait UIInterfaceOrientationLandscapeLeft UIInterfaceOrientationLandscapeRight";
				LD_RUNPATH_SEARCH_PATHS = (
					"$(inherited)",
					"@executable_path/Frameworks",
				);
				MARKETING_VERSION = 1.0;
				PRODUCT_BUNDLE_IDENTIFIER = lilleeash.tdlFB;
				PRODUCT_NAME = "$(TARGET_NAME)";
				SWIFT_EMIT_LOC_STRINGS = YES;
				SWIFT_VERSION = 5.0;
				TARGETED_DEVICE_FAMILY = "1,2";
			};
			name = Debug;
		};
		7CD85E1C282B86C900442BFE /* Release */ = {
			isa = XCBuildConfiguration;
			baseConfigurationReference = 2941A6FD36A406A6DE3F57E8 /* Pods-tdlFB.release.xcconfig */;
			buildSettings = {
				ASSETCATALOG_COMPILER_APPICON_NAME = AppIcon;
				ASSETCATALOG_COMPILER_GLOBAL_ACCENT_COLOR_NAME = AccentColor;
				CODE_SIGN_STYLE = Automatic;
				CURRENT_PROJECT_VERSION = 1;
				DEVELOPMENT_ASSET_PATHS = "\"tdlFB/Preview Content\"";
				DEVELOPMENT_TEAM = 8T4FM95P3Q;
				ENABLE_PREVIEWS = YES;
				GENERATE_INFOPLIST_FILE = YES;
				INFOPLIST_KEY_UIApplicationSceneManifest_Generation = YES;
				INFOPLIST_KEY_UIApplicationSupportsIndirectInputEvents = YES;
				INFOPLIST_KEY_UILaunchScreen_Generation = YES;
				INFOPLIST_KEY_UISupportedInterfaceOrientations_iPad = "UIInterfaceOrientationPortrait UIInterfaceOrientationPortraitUpsideDown UIInterfaceOrientationLandscapeLeft UIInterfaceOrientationLandscapeRight";
				INFOPLIST_KEY_UISupportedInterfaceOrientations_iPhone = "UIInterfaceOrientationPortrait UIInterfaceOrientationLandscapeLeft UIInterfaceOrientationLandscapeRight";
				LD_RUNPATH_SEARCH_PATHS = (
					"$(inherited)",
					"@executable_path/Frameworks",
				);
				MARKETING_VERSION = 1.0;
				PRODUCT_BUNDLE_IDENTIFIER = lilleeash.tdlFB;
				PRODUCT_NAME = "$(TARGET_NAME)";
				SWIFT_EMIT_LOC_STRINGS = YES;
				SWIFT_VERSION = 5.0;
				TARGETED_DEVICE_FAMILY = "1,2";
			};
			name = Release;
		};
/* End XCBuildConfiguration section */

/* Begin XCConfigurationList section */
		7CD85E07282B86C500442BFE /* Build configuration list for PBXProject "tdlFB" */ = {
			isa = XCConfigurationList;
			buildConfigurations = (
				7CD85E18282B86C900442BFE /* Debug */,
				7CD85E19282B86C900442BFE /* Release */,
			);
			defaultConfigurationIsVisible = 0;
			defaultConfigurationName = Release;
		};
		7CD85E1A282B86C900442BFE /* Build configuration list for PBXNativeTarget "tdlFB" */ = {
			isa = XCConfigurationList;
			buildConfigurations = (
				7CD85E1B282B86C900442BFE /* Debug */,
				7CD85E1C282B86C900442BFE /* Release */,
			);
			defaultConfigurationIsVisible = 0;
			defaultConfigurationName = Release;
		};
/* End XCConfigurationList section */

/* Begin XCRemoteSwiftPackageReference section */
		7CD85E36282BADC200442BFE /* XCRemoteSwiftPackageReference "firebase-ios-sdk" */ = {
			isa = XCRemoteSwiftPackageReference;
			repositoryURL = "https://github.com/firebase/firebase-ios-sdk";
			requirement = {
				kind = upToNextMajorVersion;
				minimumVersion = 9.0.0;
			};
		};
/* End XCRemoteSwiftPackageReference section */

/* Begin XCSwiftPackageProductDependency section */
		7CD85E37282BADC200442BFE /* FirebaseAuth */ = {
			isa = XCSwiftPackageProductDependency;
			package = 7CD85E36282BADC200442BFE /* XCRemoteSwiftPackageReference "firebase-ios-sdk" */;
			productName = FirebaseAuth;
		};
		7CD85E39282BADC200442BFE /* FirebaseDatabase */ = {
			isa = XCSwiftPackageProductDependency;
			package = 7CD85E36282BADC200442BFE /* XCRemoteSwiftPackageReference "firebase-ios-sdk" */;
			productName = FirebaseDatabase;
		};
/* End XCSwiftPackageProductDependency section */
	};
	rootObject = 7CD85E04282B86C500442BFE /* Project object */;
}
